// !$*UTF8*$!
{
	archiveVersion = 1;
	classes = {
	};
	objectVersion = 50;
	objects = {

/* Begin PBXBuildFile section */
		BCB4071F26F46692003DECA7 /* AppDelegate.swift in Sources */ = {isa = PBXBuildFile; fileRef = BCB4071E26F46692003DECA7 /* AppDelegate.swift */; };
		BCB4072126F46692003DECA7 /* ViewController.swift in Sources */ = {isa = PBXBuildFile; fileRef = BCB4072026F46692003DECA7 /* ViewController.swift */; };
		BCB4072326F46693003DECA7 /* Assets.xcassets in Resources */ = {isa = PBXBuildFile; fileRef = BCB4072226F46693003DECA7 /* Assets.xcassets */; };
		BCB4072626F46693003DECA7 /* Main.storyboard in Resources */ = {isa = PBXBuildFile; fileRef = BCB4072426F46693003DECA7 /* Main.storyboard */; };
		BCB4073626F466D8003DECA7 /* AppDelegate.swift in Sources */ = {isa = PBXBuildFile; fileRef = BCB4073526F466D8003DECA7 /* AppDelegate.swift */; };
		BCB4073826F466D8003DECA7 /* SceneDelegate.swift in Sources */ = {isa = PBXBuildFile; fileRef = BCB4073726F466D8003DECA7 /* SceneDelegate.swift */; };
		BCB4073A26F466D8003DECA7 /* ViewController.swift in Sources */ = {isa = PBXBuildFile; fileRef = BCB4073926F466D8003DECA7 /* ViewController.swift */; };
		BCB4073D26F466D8003DECA7 /* Main.storyboard in Resources */ = {isa = PBXBuildFile; fileRef = BCB4073B26F466D8003DECA7 /* Main.storyboard */; };
		BCB4073F26F466D8003DECA7 /* Assets.xcassets in Resources */ = {isa = PBXBuildFile; fileRef = BCB4073E26F466D8003DECA7 /* Assets.xcassets */; };
		BCB4074226F466D8003DECA7 /* LaunchScreen.storyboard in Resources */ = {isa = PBXBuildFile; fileRef = BCB4074026F466D8003DECA7 /* LaunchScreen.storyboard */; };
		BCB4074D26F46A4C003DECA7 /* MJStream.swift in Sources */ = {isa = PBXBuildFile; fileRef = BCB4074C26F46A4C003DECA7 /* MJStream.swift */; };
		BCB4074E26F46A4C003DECA7 /* MJStream.swift in Sources */ = {isa = PBXBuildFile; fileRef = BCB4074C26F46A4C003DECA7 /* MJStream.swift */; };
/* End PBXBuildFile section */

/* Begin PBXFileReference section */
		BCB4071C26F46692003DECA7 /* macOS.app */ = {isa = PBXFileReference; explicitFileType = wrapper.application; includeInIndex = 0; path = macOS.app; sourceTree = BUILT_PRODUCTS_DIR; };
		BCB4071E26F46692003DECA7 /* AppDelegate.swift */ = {isa = PBXFileReference; lastKnownFileType = sourcecode.swift; path = AppDelegate.swift; sourceTree = "<group>"; };
		BCB4072026F46692003DECA7 /* ViewController.swift */ = {isa = PBXFileReference; lastKnownFileType = sourcecode.swift; path = ViewController.swift; sourceTree = "<group>"; };
		BCB4072226F46693003DECA7 /* Assets.xcassets */ = {isa = PBXFileReference; lastKnownFileType = folder.assetcatalog; path = Assets.xcassets; sourceTree = "<group>"; };
		BCB4072526F46693003DECA7 /* Base */ = {isa = PBXFileReference; lastKnownFileType = file.storyboard; name = Base; path = Base.lproj/Main.storyboard; sourceTree = "<group>"; };
		BCB4072726F46693003DECA7 /* Info.plist */ = {isa = PBXFileReference; lastKnownFileType = text.plist.xml; path = Info.plist; sourceTree = "<group>"; };
		BCB4072826F46693003DECA7 /* macOS.entitlements */ = {isa = PBXFileReference; lastKnownFileType = text.plist.entitlements; path = macOS.entitlements; sourceTree = "<group>"; };
		BCB4073326F466D7003DECA7 /* iOS.app */ = {isa = PBXFileReference; explicitFileType = wrapper.application; includeInIndex = 0; path = iOS.app; sourceTree = BUILT_PRODUCTS_DIR; };
		BCB4073526F466D8003DECA7 /* AppDelegate.swift */ = {isa = PBXFileReference; lastKnownFileType = sourcecode.swift; path = AppDelegate.swift; sourceTree = "<group>"; };
		BCB4073726F466D8003DECA7 /* SceneDelegate.swift */ = {isa = PBXFileReference; lastKnownFileType = sourcecode.swift; path = SceneDelegate.swift; sourceTree = "<group>"; };
		BCB4073926F466D8003DECA7 /* ViewController.swift */ = {isa = PBXFileReference; lastKnownFileType = sourcecode.swift; path = ViewController.swift; sourceTree = "<group>"; };
		BCB4073C26F466D8003DECA7 /* Base */ = {isa = PBXFileReference; lastKnownFileType = file.storyboard; name = Base; path = Base.lproj/Main.storyboard; sourceTree = "<group>"; };
		BCB4073E26F466D8003DECA7 /* Assets.xcassets */ = {isa = PBXFileReference; lastKnownFileType = folder.assetcatalog; path = Assets.xcassets; sourceTree = "<group>"; };
		BCB4074126F466D8003DECA7 /* Base */ = {isa = PBXFileReference; lastKnownFileType = file.storyboard; name = Base; path = Base.lproj/LaunchScreen.storyboard; sourceTree = "<group>"; };
		BCB4074326F466D8003DECA7 /* Info.plist */ = {isa = PBXFileReference; lastKnownFileType = text.plist.xml; path = Info.plist; sourceTree = "<group>"; };
		BCB4074C26F46A4C003DECA7 /* MJStream.swift */ = {isa = PBXFileReference; fileEncoding = 4; lastKnownFileType = sourcecode.swift; name = MJStream.swift; path = ../Sources/MJStream.swift; sourceTree = "<group>"; };
/* End PBXFileReference section */

/* Begin PBXFrameworksBuildPhase section */
		BCB4071926F46692003DECA7 /* Frameworks */ = {
			isa = PBXFrameworksBuildPhase;
			buildActionMask = 2147483647;
			files = (
			);
			runOnlyForDeploymentPostprocessing = 0;
		};
		BCB4073026F466D7003DECA7 /* Frameworks */ = {
			isa = PBXFrameworksBuildPhase;
			buildActionMask = 2147483647;
			files = (
			);
			runOnlyForDeploymentPostprocessing = 0;
		};
/* End PBXFrameworksBuildPhase section */

/* Begin PBXGroup section */
		BCB406FC26F46671003DECA7 = {
			isa = PBXGroup;
			children = (
				BCB4074B26F46A41003DECA7 /* Shared */,
				BCB4071D26F46692003DECA7 /* macOS */,
				BCB4073426F466D7003DECA7 /* iOS */,
				BCB4070626F46671003DECA7 /* Products */,
			);
			sourceTree = "<group>";
		};
		BCB4070626F46671003DECA7 /* Products */ = {
			isa = PBXGroup;
			children = (
				BCB4071C26F46692003DECA7 /* macOS.app */,
				BCB4073326F466D7003DECA7 /* iOS.app */,
			);
			name = Products;
			sourceTree = "<group>";
		};
		BCB4071D26F46692003DECA7 /* macOS */ = {
			isa = PBXGroup;
			children = (
				BCB4071E26F46692003DECA7 /* AppDelegate.swift */,
				BCB4072026F46692003DECA7 /* ViewController.swift */,
				BCB4072226F46693003DECA7 /* Assets.xcassets */,
				BCB4072426F46693003DECA7 /* Main.storyboard */,
				BCB4072726F46693003DECA7 /* Info.plist */,
				BCB4072826F46693003DECA7 /* macOS.entitlements */,
			);
			path = macOS;
			sourceTree = "<group>";
		};
		BCB4073426F466D7003DECA7 /* iOS */ = {
			isa = PBXGroup;
			children = (
				BCB4073526F466D8003DECA7 /* AppDelegate.swift */,
				BCB4073726F466D8003DECA7 /* SceneDelegate.swift */,
				BCB4073926F466D8003DECA7 /* ViewController.swift */,
				BCB4073B26F466D8003DECA7 /* Main.storyboard */,
				BCB4073E26F466D8003DECA7 /* Assets.xcassets */,
				BCB4074026F466D8003DECA7 /* LaunchScreen.storyboard */,
				BCB4074326F466D8003DECA7 /* Info.plist */,
			);
			path = iOS;
			sourceTree = "<group>";
		};
		BCB4074B26F46A41003DECA7 /* Shared */ = {
			isa = PBXGroup;
			children = (
				BCB4074C26F46A4C003DECA7 /* MJStream.swift */,
			);
			name = Shared;
			sourceTree = "<group>";
		};
/* End PBXGroup section */

/* Begin PBXNativeTarget section */
		BCB4071B26F46692003DECA7 /* macOS */ = {
			isa = PBXNativeTarget;
			buildConfigurationList = BCB4072926F46693003DECA7 /* Build configuration list for PBXNativeTarget "macOS" */;
			buildPhases = (
				BCB4071826F46692003DECA7 /* Sources */,
				BCB4071926F46692003DECA7 /* Frameworks */,
				BCB4071A26F46692003DECA7 /* Resources */,
			);
			buildRules = (
			);
			dependencies = (
			);
			name = macOS;
			productName = macOS;
			productReference = BCB4071C26F46692003DECA7 /* macOS.app */;
			productType = "com.apple.product-type.application";
		};
		BCB4073226F466D7003DECA7 /* iOS */ = {
			isa = PBXNativeTarget;
			buildConfigurationList = BCB4074426F466D8003DECA7 /* Build configuration list for PBXNativeTarget "iOS" */;
			buildPhases = (
				BCB4072F26F466D7003DECA7 /* Sources */,
				BCB4073026F466D7003DECA7 /* Frameworks */,
				BCB4073126F466D7003DECA7 /* Resources */,
			);
			buildRules = (
			);
			dependencies = (
			);
			name = iOS;
			productName = iOS;
			productReference = BCB4073326F466D7003DECA7 /* iOS.app */;
			productType = "com.apple.product-type.application";
		};
/* End PBXNativeTarget section */

/* Begin PBXProject section */
		BCB406FD26F46671003DECA7 /* Project object */ = {
			isa = PBXProject;
			attributes = {
				LastSwiftUpdateCheck = 1250;
				LastUpgradeCheck = 1250;
				TargetAttributes = {
					BCB4071B26F46692003DECA7 = {
						CreatedOnToolsVersion = 12.5.1;
					};
					BCB4073226F466D7003DECA7 = {
						CreatedOnToolsVersion = 12.5.1;
					};
				};
			};
			buildConfigurationList = BCB4070026F46671003DECA7 /* Build configuration list for PBXProject "Demo" */;
			compatibilityVersion = "Xcode 9.3";
			developmentRegion = en;
			hasScannedForEncodings = 0;
			knownRegions = (
				en,
				Base,
			);
			mainGroup = BCB406FC26F46671003DECA7;
			productRefGroup = BCB4070626F46671003DECA7 /* Products */;
			projectDirPath = "";
			projectRoot = "";
			targets = (
				BCB4071B26F46692003DECA7 /* macOS */,
				BCB4073226F466D7003DECA7 /* iOS */,
			);
		};
/* End PBXProject section */

/* Begin PBXResourcesBuildPhase section */
		BCB4071A26F46692003DECA7 /* Resources */ = {
			isa = PBXResourcesBuildPhase;
			buildActionMask = 2147483647;
			files = (
				BCB4072326F46693003DECA7 /* Assets.xcassets in Resources */,
				BCB4072626F46693003DECA7 /* Main.storyboard in Resources */,
			);
			runOnlyForDeploymentPostprocessing = 0;
		};
		BCB4073126F466D7003DECA7 /* Resources */ = {
			isa = PBXResourcesBuildPhase;
			buildActionMask = 2147483647;
			files = (
				BCB4074226F466D8003DECA7 /* LaunchScreen.storyboard in Resources */,
				BCB4073F26F466D8003DECA7 /* Assets.xcassets in Resources */,
				BCB4073D26F466D8003DECA7 /* Main.storyboard in Resources */,
			);
			runOnlyForDeploymentPostprocessing = 0;
		};
/* End PBXResourcesBuildPhase section */

/* Begin PBXSourcesBuildPhase section */
		BCB4071826F46692003DECA7 /* Sources */ = {
			isa = PBXSourcesBuildPhase;
			buildActionMask = 2147483647;
			files = (
				BCB4074D26F46A4C003DECA7 /* MJStream.swift in Sources */,
				BCB4072126F46692003DECA7 /* ViewController.swift in Sources */,
				BCB4071F26F46692003DECA7 /* AppDelegate.swift in Sources */,
			);
			runOnlyForDeploymentPostprocessing = 0;
		};
		BCB4072F26F466D7003DECA7 /* Sources */ = {
			isa = PBXSourcesBuildPhase;
			buildActionMask = 2147483647;
			files = (
				BCB4074E26F46A4C003DECA7 /* MJStream.swift in Sources */,
				BCB4073A26F466D8003DECA7 /* ViewController.swift in Sources */,
				BCB4073626F466D8003DECA7 /* AppDelegate.swift in Sources */,
				BCB4073826F466D8003DECA7 /* SceneDelegate.swift in Sources */,
			);
			runOnlyForDeploymentPostprocessing = 0;
		};
/* End PBXSourcesBuildPhase section */

/* Begin PBXVariantGroup section */
		BCB4072426F46693003DECA7 /* Main.storyboard */ = {
			isa = PBXVariantGroup;
			children = (
				BCB4072526F46693003DECA7 /* Base */,
			);
			name = Main.storyboard;
			sourceTree = "<group>";
		};
		BCB4073B26F466D8003DECA7 /* Main.storyboard */ = {
			isa = PBXVariantGroup;
			children = (
				BCB4073C26F466D8003DECA7 /* Base */,
			);
			name = Main.storyboard;
			sourceTree = "<group>";
		};
		BCB4074026F466D8003DECA7 /* LaunchScreen.storyboard */ = {
			isa = PBXVariantGroup;
			children = (
				BCB4074126F466D8003DECA7 /* Base */,
			);
			name = LaunchScreen.storyboard;
			sourceTree = "<group>";
		};
/* End PBXVariantGroup section */

/* Begin XCBuildConfiguration section */
		BCB4071326F46672003DECA7 /* Debug */ = {
			isa = XCBuildConfiguration;
			buildSettings = {
				ALWAYS_SEARCH_USER_PATHS = NO;
				CLANG_ANALYZER_NONNULL = YES;
				CLANG_ANALYZER_NUMBER_OBJECT_CONVERSION = YES_AGGRESSIVE;
				CLANG_CXX_LANGUAGE_STANDARD = "gnu++14";
				CLANG_CXX_LIBRARY = "libc++";
				CLANG_ENABLE_MODULES = YES;
				CLANG_ENABLE_OBJC_ARC = YES;
				CLANG_ENABLE_OBJC_WEAK = YES;
				CLANG_WARN_BLOCK_CAPTURE_AUTORELEASING = YES;
				CLANG_WARN_BOOL_CONVERSION = YES;
				CLANG_WARN_COMMA = YES;
				CLANG_WARN_CONSTANT_CONVERSION = YES;
				CLANG_WARN_DEPRECATED_OBJC_IMPLEMENTATIONS = YES;
				CLANG_WARN_DIRECT_OBJC_ISA_USAGE = YES_ERROR;
				CLANG_WARN_DOCUMENTATION_COMMENTS = YES;
				CLANG_WARN_EMPTY_BODY = YES;
				CLANG_WARN_ENUM_CONVERSION = YES;
				CLANG_WARN_INFINITE_RECURSION = YES;
				CLANG_WARN_INT_CONVERSION = YES;
				CLANG_WARN_NON_LITERAL_NULL_CONVERSION = YES;
				CLANG_WARN_OBJC_IMPLICIT_RETAIN_SELF = YES;
				CLANG_WARN_OBJC_LITERAL_CONVERSION = YES;
				CLANG_WARN_OBJC_ROOT_CLASS = YES_ERROR;
				CLANG_WARN_QUOTED_INCLUDE_IN_FRAMEWORK_HEADER = YES;
				CLANG_WARN_RANGE_LOOP_ANALYSIS = YES;
				CLANG_WARN_STRICT_PROTOTYPES = YES;
				CLANG_WARN_SUSPICIOUS_MOVE = YES;
				CLANG_WARN_UNGUARDED_AVAILABILITY = YES_AGGRESSIVE;
				CLANG_WARN_UNREACHABLE_CODE = YES;
				CLANG_WARN__DUPLICATE_METHOD_MATCH = YES;
				COPY_PHASE_STRIP = NO;
				DEBUG_INFORMATION_FORMAT = dwarf;
				ENABLE_STRICT_OBJC_MSGSEND = YES;
				ENABLE_TESTABILITY = YES;
				GCC_C_LANGUAGE_STANDARD = gnu11;
				GCC_DYNAMIC_NO_PIC = NO;
				GCC_NO_COMMON_BLOCKS = YES;
				GCC_OPTIMIZATION_LEVEL = 0;
				GCC_PREPROCESSOR_DEFINITIONS = (
					"DEBUG=1",
					"$(inherited)",
				);
				GCC_WARN_64_TO_32_BIT_CONVERSION = YES;
				GCC_WARN_ABOUT_RETURN_TYPE = YES_ERROR;
				GCC_WARN_UNDECLARED_SELECTOR = YES;
				GCC_WARN_UNINITIALIZED_AUTOS = YES_AGGRESSIVE;
				GCC_WARN_UNUSED_FUNCTION = YES;
				GCC_WARN_UNUSED_VARIABLE = YES;
				MACOSX_DEPLOYMENT_TARGET = 11.3;
				MTL_ENABLE_DEBUG_INFO = INCLUDE_SOURCE;
				MTL_FAST_MATH = YES;
				ONLY_ACTIVE_ARCH = YES;
				SDKROOT = macosx;
				SWIFT_ACTIVE_COMPILATION_CONDITIONS = DEBUG;
				SWIFT_OPTIMIZATION_LEVEL = "-Onone";
			};
			name = Debug;
		};
		BCB4071426F46672003DECA7 /* Release */ = {
			isa = XCBuildConfiguration;
			buildSettings = {
				ALWAYS_SEARCH_USER_PATHS = NO;
				CLANG_ANALYZER_NONNULL = YES;
				CLANG_ANALYZER_NUMBER_OBJECT_CONVERSION = YES_AGGRESSIVE;
				CLANG_CXX_LANGUAGE_STANDARD = "gnu++14";
				CLANG_CXX_LIBRARY = "libc++";
				CLANG_ENABLE_MODULES = YES;
				CLANG_ENABLE_OBJC_ARC = YES;
				CLANG_ENABLE_OBJC_WEAK = YES;
				CLANG_WARN_BLOCK_CAPTURE_AUTORELEASING = YES;
				CLANG_WARN_BOOL_CONVERSION = YES;
				CLANG_WARN_COMMA = YES;
				CLANG_WARN_CONSTANT_CONVERSION = YES;
				CLANG_WARN_DEPRECATED_OBJC_IMPLEMENTATIONS = YES;
				CLANG_WARN_DIRECT_OBJC_ISA_USAGE = YES_ERROR;
				CLANG_WARN_DOCUMENTATION_COMMENTS = YES;
				CLANG_WARN_EMPTY_BODY = YES;
				CLANG_WARN_ENUM_CONVERSION = YES;
				CLANG_WARN_INFINITE_RECURSION = YES;
				CLANG_WARN_INT_CONVERSION = YES;
				CLANG_WARN_NON_LITERAL_NULL_CONVERSION = YES;
				CLANG_WARN_OBJC_IMPLICIT_RETAIN_SELF = YES;
				CLANG_WARN_OBJC_LITERAL_CONVERSION = YES;
				CLANG_WARN_OBJC_ROOT_CLASS = YES_ERROR;
				CLANG_WARN_QUOTED_INCLUDE_IN_FRAMEWORK_HEADER = YES;
				CLANG_WARN_RANGE_LOOP_ANALYSIS = YES;
				CLANG_WARN_STRICT_PROTOTYPES = YES;
				CLANG_WARN_SUSPICIOUS_MOVE = YES;
				CLANG_WARN_UNGUARDED_AVAILABILITY = YES_AGGRESSIVE;
				CLANG_WARN_UNREACHABLE_CODE = YES;
				CLANG_WARN__DUPLICATE_METHOD_MATCH = YES;
				COPY_PHASE_STRIP = NO;
				DEBUG_INFORMATION_FORMAT = "dwarf-with-dsym";
				ENABLE_NS_ASSERTIONS = NO;
				ENABLE_STRICT_OBJC_MSGSEND = YES;
				GCC_C_LANGUAGE_STANDARD = gnu11;
				GCC_NO_COMMON_BLOCKS = YES;
				GCC_WARN_64_TO_32_BIT_CONVERSION = YES;
				GCC_WARN_ABOUT_RETURN_TYPE = YES_ERROR;
				GCC_WARN_UNDECLARED_SELECTOR = YES;
				GCC_WARN_UNINITIALIZED_AUTOS = YES_AGGRESSIVE;
				GCC_WARN_UNUSED_FUNCTION = YES;
				GCC_WARN_UNUSED_VARIABLE = YES;
				MACOSX_DEPLOYMENT_TARGET = 11.3;
				MTL_ENABLE_DEBUG_INFO = NO;
				MTL_FAST_MATH = YES;
				SDKROOT = macosx;
				SWIFT_COMPILATION_MODE = wholemodule;
				SWIFT_OPTIMIZATION_LEVEL = "-O";
			};
			name = Release;
		};
		BCB4072A26F46693003DECA7 /* Debug */ = {
			isa = XCBuildConfiguration;
			buildSettings = {
				ASSETCATALOG_COMPILER_APPICON_NAME = AppIcon;
				ASSETCATALOG_COMPILER_GLOBAL_ACCENT_COLOR_NAME = AccentColor;
				CODE_SIGN_ENTITLEMENTS = macOS/macOS.entitlements;
				CODE_SIGN_STYLE = Automatic;
				COMBINE_HIDPI_IMAGES = YES;
				INFOPLIST_FILE = macOS/Info.plist;
				LD_RUNPATH_SEARCH_PATHS = (
					"$(inherited)",
					"@executable_path/../Frameworks",
				);
				PRODUCT_BUNDLE_IDENTIFIER = com.scchn.macOS;
				PRODUCT_NAME = "$(TARGET_NAME)";
				SWIFT_VERSION = 5.0;
			};
			name = Debug;
		};
		BCB4072B26F46693003DECA7 /* Release */ = {
			isa = XCBuildConfiguration;
			buildSettings = {
				ASSETCATALOG_COMPILER_APPICON_NAME = AppIcon;
				ASSETCATALOG_COMPILER_GLOBAL_ACCENT_COLOR_NAME = AccentColor;
				CODE_SIGN_ENTITLEMENTS = macOS/macOS.entitlements;
				CODE_SIGN_STYLE = Automatic;
				COMBINE_HIDPI_IMAGES = YES;
				INFOPLIST_FILE = macOS/Info.plist;
				LD_RUNPATH_SEARCH_PATHS = (
					"$(inherited)",
					"@executable_path/../Frameworks",
				);
				PRODUCT_BUNDLE_IDENTIFIER = com.scchn.macOS;
				PRODUCT_NAME = "$(TARGET_NAME)";
				SWIFT_VERSION = 5.0;
			};
			name = Release;
		};
		BCB4074526F466D8003DECA7 /* Debug */ = {
			isa = XCBuildConfiguration;
			buildSettings = {
				ASSETCATALOG_COMPILER_APPICON_NAME = AppIcon;
				ASSETCATALOG_COMPILER_GLOBAL_ACCENT_COLOR_NAME = AccentColor;
				CODE_SIGN_STYLE = Automatic;
				INFOPLIST_FILE = iOS/Info.plist;
				IPHONEOS_DEPLOYMENT_TARGET = 14.5;
				LD_RUNPATH_SEARCH_PATHS = (
					"$(inherited)",
					"@executable_path/Frameworks",
				);
				PRODUCT_BUNDLE_IDENTIFIER = com.scchn.iOS;
				PRODUCT_NAME = "$(TARGET_NAME)";
				SDKROOT = iphoneos;
				SWIFT_VERSION = 5.0;
				TARGETED_DEVICE_FAMILY = "1,2";
			};
			name = Debug;
		};
		BCB4074626F466D8003DECA7 /* Release */ = {
			isa = XCBuildConfiguration;
			buildSettings = {
				ASSETCATALOG_COMPILER_APPICON_NAME = AppIcon;
				ASSETCATALOG_COMPILER_GLOBAL_ACCENT_COLOR_NAME = AccentColor;
				CODE_SIGN_STYLE = Automatic;
				INFOPLIST_FILE = iOS/Info.plist;
				IPHONEOS_DEPLOYMENT_TARGET = 14.5;
				LD_RUNPATH_SEARCH_PATHS = (
					"$(inherited)",
					"@executable_path/Frameworks",
				);
				PRODUCT_BUNDLE_IDENTIFIER = com.scchn.iOS;
				PRODUCT_NAME = "$(TARGET_NAME)";
				SDKROOT = iphoneos;
				SWIFT_VERSION = 5.0;
				TARGETED_DEVICE_FAMILY = "1,2";
				VALIDATE_PRODUCT = YES;
			};
			name = Release;
		};
/* End XCBuildConfiguration section */

/* Begin XCConfigurationList section */
		BCB4070026F46671003DECA7 /* Build configuration list for PBXProject "Demo" */ = {
			isa = XCConfigurationList;
			buildConfigurations = (
				BCB4071326F46672003DECA7 /* Debug */,
				BCB4071426F46672003DECA7 /* Release */,
			);
			defaultConfigurationIsVisible = 0;
			defaultConfigurationName = Release;
		};
		BCB4072926F46693003DECA7 /* Build configuration list for PBXNativeTarget "macOS" */ = {
			isa = XCConfigurationList;
			buildConfigurations = (
				BCB4072A26F46693003DECA7 /* Debug */,
				BCB4072B26F46693003DECA7 /* Release */,
			);
			defaultConfigurationIsVisible = 0;
			defaultConfigurationName = Release;
		};
		BCB4074426F466D8003DECA7 /* Build configuration list for PBXNativeTarget "iOS" */ = {
			isa = XCConfigurationList;
			buildConfigurations = (
				BCB4074526F466D8003DECA7 /* Debug */,
				BCB4074626F466D8003DECA7 /* Release */,
			);
			defaultConfigurationIsVisible = 0;
			defaultConfigurationName = Release;
		};
/* End XCConfigurationList section */
	};
	rootObject = BCB406FD26F46671003DECA7 /* Project object */;
}
